// !$*UTF8*$!
{
	archiveVersion = 1;
	classes = {
	};
	objectVersion = 46;
	objects = {

/* Begin PBXBuildFile section */
		C689B8951525D05800D6CA55 /* vista1.m in Sources */ = {isa = PBXBuildFile; fileRef = C689B8931525D05800D6CA55 /* vista1.m */; };
		C689B8961525D05800D6CA55 /* vista1.xib in Resources */ = {isa = PBXBuildFile; fileRef = C689B8941525D05800D6CA55 /* vista1.xib */; };
		C689B8991526D52A00D6CA55 /* Ninja.jpg in Resources */ = {isa = PBXBuildFile; fileRef = C689B8981526D52A00D6CA55 /* Ninja.jpg */; };
		C689B89D1526DB2E00D6CA55 /* vista2.m in Sources */ = {isa = PBXBuildFile; fileRef = C689B89B1526DB2E00D6CA55 /* vista2.m */; };
		C689B89E1526DB2E00D6CA55 /* vista2.xib in Resources */ = {isa = PBXBuildFile; fileRef = C689B89C1526DB2E00D6CA55 /* vista2.xib */; };
		C689B8A11526E38500D6CA55 /* arrowlineleft.png in Resources */ = {isa = PBXBuildFile; fileRef = C689B89F1526E38500D6CA55 /* arrowlineleft.png */; };
		C689B8A21526E38500D6CA55 /* arrowlineright.png in Resources */ = {isa = PBXBuildFile; fileRef = C689B8A01526E38500D6CA55 /* arrowlineright.png */; };
		C689B8A41526E3AD00D6CA55 /* homebutton.png in Resources */ = {isa = PBXBuildFile; fileRef = C689B8A31526E3AD00D6CA55 /* homebutton.png */; };
		C689B8A61526E4AC00D6CA55 /* AVFoundation.framework in Frameworks */ = {isa = PBXBuildFile; fileRef = C689B8A51526E4AC00D6CA55 /* AVFoundation.framework */; };
		C689B8AA1527210A00D6CA55 /* vista3.m in Sources */ = {isa = PBXBuildFile; fileRef = C689B8A81527210A00D6CA55 /* vista3.m */; };
		C689B8AB1527210A00D6CA55 /* vista3.xib in Resources */ = {isa = PBXBuildFile; fileRef = C689B8A91527210A00D6CA55 /* vista3.xib */; };
		C689B8AE152726B400D6CA55 /* bombillaof.png in Resources */ = {isa = PBXBuildFile; fileRef = C689B8AC152726B400D6CA55 /* bombillaof.png */; };
		C689B8AF152726B400D6CA55 /* bombillaon.png in Resources */ = {isa = PBXBuildFile; fileRef = C689B8AD152726B400D6CA55 /* bombillaon.png */; };
		C689B8BB1527642400D6CA55 /* electricidad1.wav in Resources */ = {isa = PBXBuildFile; fileRef = C689B8BA1527642400D6CA55 /* electricidad1.wav */; };
		C689B8BD1527644400D6CA55 /* electricidad_sparks_5.wav in Resources */ = {isa = PBXBuildFile; fileRef = C689B8BC1527644400D6CA55 /* electricidad_sparks_5.wav */; };
		C689B8BF152767E500D6CA55 /* electricidad.mp3 in Resources */ = {isa = PBXBuildFile; fileRef = C689B8BE152767E500D6CA55 /* electricidad.mp3 */; };
		C68BB1C51524E4BD00BC5A33 /* UIKit.framework in Frameworks */ = {isa = PBXBuildFile; fileRef = C68BB1C41524E4BD00BC5A33 /* UIKit.framework */; };
		C68BB1C71524E4BD00BC5A33 /* Foundation.framework in Frameworks */ = {isa = PBXBuildFile; fileRef = C68BB1C61524E4BD00BC5A33 /* Foundation.framework */; };
		C68BB1C91524E4BD00BC5A33 /* CoreGraphics.framework in Frameworks */ = {isa = PBXBuildFile; fileRef = C68BB1C81524E4BD00BC5A33 /* CoreGraphics.framework */; };
		C68BB1CF1524E4BD00BC5A33 /* InfoPlist.strings in Resources */ = {isa = PBXBuildFile; fileRef = C68BB1CD1524E4BD00BC5A33 /* InfoPlist.strings */; };
		C68BB1D11524E4BD00BC5A33 /* main.m in Sources */ = {isa = PBXBuildFile; fileRef = C68BB1D01524E4BD00BC5A33 /* main.m */; };
		C68BB1D51524E4BD00BC5A33 /* AppDelegate.m in Sources */ = {isa = PBXBuildFile; fileRef = C68BB1D41524E4BD00BC5A33 /* AppDelegate.m */; };
/* End PBXBuildFile section */

/* Begin PBXFileReference section */
		C689B8921525D05800D6CA55 /* vista1.h */ = {isa = PBXFileReference; fileEncoding = 4; lastKnownFileType = sourcecode.c.h; path = vista1.h; sourceTree = "<group>"; };
		C689B8931525D05800D6CA55 /* vista1.m */ = {isa = PBXFileReference; fileEncoding = 4; lastKnownFileType = sourcecode.c.objc; path = vista1.m; sourceTree = "<group>"; };
		C689B8941525D05800D6CA55 /* vista1.xib */ = {isa = PBXFileReference; fileEncoding = 4; lastKnownFileType = file.xib; path = vista1.xib; sourceTree = "<group>"; };
		C689B8981526D52A00D6CA55 /* Ninja.jpg */ = {isa = PBXFileReference; lastKnownFileType = image.jpeg; path = Ninja.jpg; sourceTree = "<group>"; };
		C689B89A1526DB2E00D6CA55 /* vista2.h */ = {isa = PBXFileReference; fileEncoding = 4; lastKnownFileType = sourcecode.c.h; path = vista2.h; sourceTree = "<group>"; };
		C689B89B1526DB2E00D6CA55 /* vista2.m */ = {isa = PBXFileReference; fileEncoding = 4; lastKnownFileType = sourcecode.c.objc; path = vista2.m; sourceTree = "<group>"; };
		C689B89C1526DB2E00D6CA55 /* vista2.xib */ = {isa = PBXFileReference; fileEncoding = 4; lastKnownFileType = file.xib; path = vista2.xib; sourceTree = "<group>"; };
		C689B89F1526E38500D6CA55 /* arrowlineleft.png */ = {isa = PBXFileReference; lastKnownFileType = image.png; path = arrowlineleft.png; sourceTree = "<group>"; };
		C689B8A01526E38500D6CA55 /* arrowlineright.png */ = {isa = PBXFileReference; lastKnownFileType = image.png; path = arrowlineright.png; sourceTree = "<group>"; };
		C689B8A31526E3AD00D6CA55 /* homebutton.png */ = {isa = PBXFileReference; lastKnownFileType = image.png; path = homebutton.png; sourceTree = "<group>"; };
		C689B8A51526E4AC00D6CA55 /* AVFoundation.framework */ = {isa = PBXFileReference; lastKnownFileType = wrapper.framework; name = AVFoundation.framework; path = System/Library/Frameworks/AVFoundation.framework; sourceTree = SDKROOT; };
		C689B8A71527210A00D6CA55 /* vista3.h */ = {isa = PBXFileReference; fileEncoding = 4; lastKnownFileType = sourcecode.c.h; path = vista3.h; sourceTree = "<group>"; };
		C689B8A81527210A00D6CA55 /* vista3.m */ = {isa = PBXFileReference; fileEncoding = 4; lastKnownFileType = sourcecode.c.objc; path = vista3.m; sourceTree = "<group>"; };
		C689B8A91527210A00D6CA55 /* vista3.xib */ = {isa = PBXFileReference; fileEncoding = 4; lastKnownFileType = file.xib; path = vista3.xib; sourceTree = "<group>"; };
		C689B8AC152726B400D6CA55 /* bombillaof.png */ = {isa = PBXFileReference; lastKnownFileType = image.png; name = bombillaof.png; path = ../../../GRAFICOS/TEXTOS/bombillaof.png; sourceTree = "<group>"; };
		C689B8AD152726B400D6CA55 /* bombillaon.png */ = {isa = PBXFileReference; lastKnownFileType = image.png; name = bombillaon.png; path = ../../../GRAFICOS/TEXTOS/bombillaon.png; sourceTree = "<group>"; };
		C689B8BA1527642400D6CA55 /* electricidad1.wav */ = {isa = PBXFileReference; lastKnownFileType = audio.wav; path = electricidad1.wav; sourceTree = "<group>"; };
		C689B8BC1527644400D6CA55 /* electricidad_sparks_5.wav */ = {isa = PBXFileReference; lastKnownFileType = audio.wav; path = electricidad_sparks_5.wav; sourceTree = "<group>"; };
		C689B8BE152767E500D6CA55 /* electricidad.mp3 */ = {isa = PBXFileReference; lastKnownFileType = audio.mp3; path = electricidad.mp3; sourceTree = "<group>"; };
		C68BB1C01524E4BD00BC5A33 /* libromagico.app */ = {isa = PBXFileReference; explicitFileType = wrapper.application; includeInIndex = 0; path = libromagico.app; sourceTree = BUILT_PRODUCTS_DIR; };
		C68BB1C41524E4BD00BC5A33 /* UIKit.framework */ = {isa = PBXFileReference; lastKnownFileType = wrapper.framework; name = UIKit.framework; path = System/Library/Frameworks/UIKit.framework; sourceTree = SDKROOT; };
		C68BB1C61524E4BD00BC5A33 /* Foundation.framework */ = {isa = PBXFileReference; lastKnownFileType = wrapper.framework; name = Foundation.framework; path = System/Library/Frameworks/Foundation.framework; sourceTree = SDKROOT; };
		C68BB1C81524E4BD00BC5A33 /* CoreGraphics.framework */ = {isa = PBXFileReference; lastKnownFileType = wrapper.framework; name = CoreGraphics.framework; path = System/Library/Frameworks/CoreGraphics.framework; sourceTree = SDKROOT; };
		C68BB1CC1524E4BD00BC5A33 /* libromagico-Info.plist */ = {isa = PBXFileReference; lastKnownFileType = text.plist.xml; path = "libromagico-Info.plist"; sourceTree = "<group>"; };
		C68BB1CE1524E4BD00BC5A33 /* en */ = {isa = PBXFileReference; lastKnownFileType = text.plist.strings; name = en; path = en.lproj/InfoPlist.strings; sourceTree = "<group>"; };
		C68BB1D01524E4BD00BC5A33 /* main.m */ = {isa = PBXFileReference; lastKnownFileType = sourcecode.c.objc; path = main.m; sourceTree = "<group>"; };
		C68BB1D21524E4BD00BC5A33 /* libromagico-Prefix.pch */ = {isa = PBXFileReference; lastKnownFileType = sourcecode.c.h; path = "libromagico-Prefix.pch"; sourceTree = "<group>"; };
		C68BB1D31524E4BD00BC5A33 /* AppDelegate.h */ = {isa = PBXFileReference; lastKnownFileType = sourcecode.c.h; path = AppDelegate.h; sourceTree = "<group>"; };
		C68BB1D41524E4BD00BC5A33 /* AppDelegate.m */ = {isa = PBXFileReference; lastKnownFileType = sourcecode.c.objc; path = AppDelegate.m; sourceTree = "<group>"; };
/* End PBXFileReference section */

/* Begin PBXFrameworksBuildPhase section */
		C68BB1BD1524E4BD00BC5A33 /* Frameworks */ = {
			isa = PBXFrameworksBuildPhase;
			buildActionMask = 2147483647;
			files = (
				C689B8A61526E4AC00D6CA55 /* AVFoundation.framework in Frameworks */,
				C68BB1C51524E4BD00BC5A33 /* UIKit.framework in Frameworks */,
				C68BB1C71524E4BD00BC5A33 /* Foundation.framework in Frameworks */,
				C68BB1C91524E4BD00BC5A33 /* CoreGraphics.framework in Frameworks */,
			);
			runOnlyForDeploymentPostprocessing = 0;
		};
/* End PBXFrameworksBuildPhase section */

/* Begin PBXGroup section */
		C68BB1B51524E4BD00BC5A33 = {
			isa = PBXGroup;
			children = (
				C68BB1CA1524E4BD00BC5A33 /* libromagico */,
				C68BB1C31524E4BD00BC5A33 /* Frameworks */,
				C68BB1C11524E4BD00BC5A33 /* Products */,
			);
			sourceTree = "<group>";
		};
		C68BB1C11524E4BD00BC5A33 /* Products */ = {
			isa = PBXGroup;
			children = (
				C68BB1C01524E4BD00BC5A33 /* libromagico.app */,
			);
			name = Products;
			sourceTree = "<group>";
		};
		C68BB1C31524E4BD00BC5A33 /* Frameworks */ = {
			isa = PBXGroup;
			children = (
				C689B8A51526E4AC00D6CA55 /* AVFoundation.framework */,
				C68BB1C41524E4BD00BC5A33 /* UIKit.framework */,
				C68BB1C61524E4BD00BC5A33 /* Foundation.framework */,
				C68BB1C81524E4BD00BC5A33 /* CoreGraphics.framework */,
			);
			name = Frameworks;
			sourceTree = "<group>";
		};
		C68BB1CA1524E4BD00BC5A33 /* libromagico */ = {
			isa = PBXGroup;
			children = (
				C68BB1D31524E4BD00BC5A33 /* AppDelegate.h */,
				C68BB1D41524E4BD00BC5A33 /* AppDelegate.m */,
				C689B8921525D05800D6CA55 /* vista1.h */,
				C689B8931525D05800D6CA55 /* vista1.m */,
				C689B8941525D05800D6CA55 /* vista1.xib */,
				C689B89A1526DB2E00D6CA55 /* vista2.h */,
				C689B89B1526DB2E00D6CA55 /* vista2.m */,
				C689B89C1526DB2E00D6CA55 /* vista2.xib */,
				C689B8A71527210A00D6CA55 /* vista3.h */,
				C689B8A81527210A00D6CA55 /* vista3.m */,
				C689B8A91527210A00D6CA55 /* vista3.xib */,
				C68BB1CB1524E4BD00BC5A33 /* Supporting Files */,
			);
			path = libromagico;
			sourceTree = "<group>";
		};
		C68BB1CB1524E4BD00BC5A33 /* Supporting Files */ = {
			isa = PBXGroup;
			children = (
				C689B8981526D52A00D6CA55 /* Ninja.jpg */,
				C689B8BA1527642400D6CA55 /* electricidad1.wav */,
				C689B8BE152767E500D6CA55 /* electricidad.mp3 */,
				C689B8BC1527644400D6CA55 /* electricidad_sparks_5.wav */,
				C689B8AC152726B400D6CA55 /* bombillaof.png */,
				C689B8AD152726B400D6CA55 /* bombillaon.png */,
				C689B8A31526E3AD00D6CA55 /* homebutton.png */,
				C689B89F1526E38500D6CA55 /* arrowlineleft.png */,
				C689B8A01526E38500D6CA55 /* arrowlineright.png */,
				C68BB1CC1524E4BD00BC5A33 /* libromagico-Info.plist */,
				C68BB1CD1524E4BD00BC5A33 /* InfoPlist.strings */,
				C68BB1D01524E4BD00BC5A33 /* main.m */,
				C68BB1D21524E4BD00BC5A33 /* libromagico-Prefix.pch */,
			);
			name = "Supporting Files";
			sourceTree = "<group>";
		};
/* End PBXGroup section */

/* Begin PBXNativeTarget section */
		C68BB1BF1524E4BD00BC5A33 /* libromagico */ = {
			isa = PBXNativeTarget;
			buildConfigurationList = C68BB1E41524E4BD00BC5A33 /* Build configuration list for PBXNativeTarget "libromagico" */;
			buildPhases = (
				C68BB1BC1524E4BD00BC5A33 /* Sources */,
				C68BB1BD1524E4BD00BC5A33 /* Frameworks */,
				C68BB1BE1524E4BD00BC5A33 /* Resources */,
			);
			buildRules = (
			);
			dependencies = (
			);
			name = libromagico;
			productName = libromagico;
			productReference = C68BB1C01524E4BD00BC5A33 /* libromagico.app */;
			productType = "com.apple.product-type.application";
		};
/* End PBXNativeTarget section */

/* Begin PBXProject section */
		C68BB1B71524E4BD00BC5A33 /* Project object */ = {
			isa = PBXProject;
			attributes = {
				LastUpgradeCheck = 0430;
				ORGANIZATIONNAME = "INDUSTRIA TRANSFORMADORA ESPECIA SL";
			};
			buildConfigurationList = C68BB1BA1524E4BD00BC5A33 /* Build configuration list for PBXProject "libromagico" */;
			compatibilityVersion = "Xcode 3.2";
			developmentRegion = English;
			hasScannedForEncodings = 0;
			knownRegions = (
				en,
			);
			mainGroup = C68BB1B51524E4BD00BC5A33;
			productRefGroup = C68BB1C11524E4BD00BC5A33 /* Products */;
			projectDirPath = "";
			projectRoot = "";
			targets = (
				C68BB1BF1524E4BD00BC5A33 /* libromagico */,
			);
		};
/* End PBXProject section */

/* Begin PBXResourcesBuildPhase section */
		C68BB1BE1524E4BD00BC5A33 /* Resources */ = {
			isa = PBXResourcesBuildPhase;
			buildActionMask = 2147483647;
			files = (
				C68BB1CF1524E4BD00BC5A33 /* InfoPlist.strings in Resources */,
				C689B8961525D05800D6CA55 /* vista1.xib in Resources */,
				C689B8991526D52A00D6CA55 /* Ninja.jpg in Resources */,
				C689B89E1526DB2E00D6CA55 /* vista2.xib in Resources */,
				C689B8A11526E38500D6CA55 /* arrowlineleft.png in Resources */,
				C689B8A21526E38500D6CA55 /* arrowlineright.png in Resources */,
				C689B8A41526E3AD00D6CA55 /* homebutton.png in Resources */,
				C689B8AB1527210A00D6CA55 /* vista3.xib in Resources */,
				C689B8AE152726B400D6CA55 /* bombillaof.png in Resources */,
				C689B8AF152726B400D6CA55 /* bombillaon.png in Resources */,
				C689B8BB1527642400D6CA55 /* electricidad1.wav in Resources */,
				C689B8BD1527644400D6CA55 /* electricidad_sparks_5.wav in Resources */,
				C689B8BF152767E500D6CA55 /* electricidad.mp3 in Resources */,
			);
			runOnlyForDeploymentPostprocessing = 0;
		};
/* End PBXResourcesBuildPhase section */

/* Begin PBXSourcesBuildPhase section */
		C68BB1BC1524E4BD00BC5A33 /* Sources */ = {
			isa = PBXSourcesBuildPhase;
			buildActionMask = 2147483647;
			files = (
				C68BB1D11524E4BD00BC5A33 /* main.m in Sources */,
				C68BB1D51524E4BD00BC5A33 /* AppDelegate.m in Sources */,
				C689B8951525D05800D6CA55 /* vista1.m in Sources */,
				C689B89D1526DB2E00D6CA55 /* vista2.m in Sources */,
				C689B8AA1527210A00D6CA55 /* vista3.m in Sources */,
			);
			runOnlyForDeploymentPostprocessing = 0;
		};
/* End PBXSourcesBuildPhase section */

/* Begin PBXVariantGroup section */
		C68BB1CD1524E4BD00BC5A33 /* InfoPlist.strings */ = {
			isa = PBXVariantGroup;
			children = (
				C68BB1CE1524E4BD00BC5A33 /* en */,
			);
			name = InfoPlist.strings;
			sourceTree = "<group>";
		};
/* End PBXVariantGroup section */

/* Begin XCBuildConfiguration section */
		C68BB1E21524E4BD00BC5A33 /* Debug */ = {
			isa = XCBuildConfiguration;
			buildSettings = {
				ALWAYS_SEARCH_USER_PATHS = NO;
				ARCHS = "$(ARCHS_STANDARD_32_BIT)";
				CLANG_ENABLE_OBJC_ARC = YES;
				"CODE_SIGN_IDENTITY[sdk=iphoneos*]" = "";
				COPY_PHASE_STRIP = NO;
				GCC_C_LANGUAGE_STANDARD = gnu99;
				GCC_DYNAMIC_NO_PIC = NO;
				GCC_OPTIMIZATION_LEVEL = 0;
				GCC_PREPROCESSOR_DEFINITIONS = (
					"DEBUG=1",
					"$(inherited)",
				);
				GCC_SYMBOLS_PRIVATE_EXTERN = NO;
				GCC_VERSION = com.apple.compilers.llvm.clang.1_0;
				GCC_WARN_ABOUT_RETURN_TYPE = YES;
				GCC_WARN_UNINITIALIZED_AUTOS = YES;
				GCC_WARN_UNUSED_VARIABLE = YES;
				IPHONEOS_DEPLOYMENT_TARGET = 5.1;
				SDKROOT = iphoneos;
				TARGETED_DEVICE_FAMILY = 2;
			};
			name = Debug;
		};
		C68BB1E31524E4BD00BC5A33 /* Release */ = {
			isa = XCBuildConfiguration;
			buildSettings = {
				ALWAYS_SEARCH_USER_PATHS = NO;
				ARCHS = "$(ARCHS_STANDARD_32_BIT)";
				CLANG_ENABLE_OBJC_ARC = YES;
				"CODE_SIGN_IDENTITY[sdk=iphoneos*]" = "";
				COPY_PHASE_STRIP = YES;
				GCC_C_LANGUAGE_STANDARD = gnu99;
				GCC_VERSION = com.apple.compilers.llvm.clang.1_0;
				GCC_WARN_ABOUT_RETURN_TYPE = YES;
				GCC_WARN_UNINITIALIZED_AUTOS = YES;
				GCC_WARN_UNUSED_VARIABLE = YES;
				IPHONEOS_DEPLOYMENT_TARGET = 5.1;
				OTHER_CFLAGS = "-DNS_BLOCK_ASSERTIONS=1";
				SDKROOT = iphoneos;
				TARGETED_DEVICE_FAMILY = 2;
				VALIDATE_PRODUCT = YES;
			};
			name = Release;
		};
		C68BB1E51524E4BD00BC5A33 /* Debug */ = {
			isa = XCBuildConfiguration;
			buildSettings = {
				GCC_PRECOMPILE_PREFIX_HEADER = YES;
				GCC_PREFIX_HEADER = "libromagico/libromagico-Prefix.pch";
				INFOPLIST_FILE = "libromagico/libromagico-Info.plist";
				PRODUCT_NAME = "$(TARGET_NAME)";
				WRAPPER_EXTENSION = app;
			};
			name = Debug;
		};
		C68BB1E61524E4BD00BC5A33 /* Release */ = {
			isa = XCBuildConfiguration;
			buildSettings = {
				GCC_PRECOMPILE_PREFIX_HEADER = YES;
				GCC_PREFIX_HEADER = "libromagico/libromagico-Prefix.pch";
				INFOPLIST_FILE = "libromagico/libromagico-Info.plist";
				PRODUCT_NAME = "$(TARGET_NAME)";
				WRAPPER_EXTENSION = app;
			};
			name = Release;
		};
/* End XCBuildConfiguration section */

/* Begin XCConfigurationList section */
		C68BB1BA1524E4BD00BC5A33 /* Build configuration list for PBXProject "libromagico" */ = {
			isa = XCConfigurationList;
			buildConfigurations = (
				C68BB1E21524E4BD00BC5A33 /* Debug */,
				C68BB1E31524E4BD00BC5A33 /* Release */,
			);
			defaultConfigurationIsVisible = 0;
			defaultConfigurationName = Release;
		};
		C68BB1E41524E4BD00BC5A33 /* Build configuration list for PBXNativeTarget "libromagico" */ = {
			isa = XCConfigurationList;
			buildConfigurations = (
				C68BB1E51524E4BD00BC5A33 /* Debug */,
				C68BB1E61524E4BD00BC5A33 /* Release */,
			);
			defaultConfigurationIsVisible = 0;
			defaultConfigurationName = Release;
		};
/* End XCConfigurationList section */
	};
	rootObject = C68BB1B71524E4BD00BC5A33 /* Project object */;
}
